
Microsoft Visual Studio Solution File, Format Version 12.00
# Visual Studio Version 16
VisualStudioVersion = 16.0.31702.278
MinimumVisualStudioVersion = 10.0.40219.1
Project("{FAE04EC0-301F-11D3-BF4B-00C04F79EFBC}") = "ShoppingApp.API", "ShoppingApp.API.csproj", "{5FD13CDB-8A3D-404C-8708-85CBA3A64D14}"
EndProject
Project("{2150E333-8FDC-42A3-9474-1A3956D46DE8}") = "Business", "Business", "{965CB99B-13E9-44D9-8866-EFD83514E464}"
EndProject
Project("{2150E333-8FDC-42A3-9474-1A3956D46DE8}") = "Data", "Data", "{E740A557-792D-48DA-8466-E503977C59E5}"
EndProject
Project("{FAE04EC0-301F-11D3-BF4B-00C04F79EFBC}") = "ShoppingApp.Business", "..\ShoppingApp.Business\ShoppingApp.Business.csproj", "{81BC467E-C84A-4A02-A7AA-F3F0D17F3765}"
EndProject
Project("{FAE04EC0-301F-11D3-BF4B-00C04F79EFBC}") = "ShoppingApp.Data", "..\ShoppingApp.Data\ShoppingApp.Data.csproj", "{46CDC03D-020E-4E21-9A13-FD6510810020}"
EndProject
Project("{2150E333-8FDC-42A3-9474-1A3956D46DE8}") = "Common", "Common", "{9926FFD0-8A51-4005-B217-6BD4BC5BB1C8}"
EndProject
Project("{FAE04EC0-301F-11D3-BF4B-00C04F79EFBC}") = "ShoppingApp.Common", "..\ShoppingApp.Common\ShoppingApp.Common.csproj", "{01D7AF8D-A951-42B0-ADDC-18EDBE56146C}"
EndProject
Global
	GlobalSection(SolutionConfigurationPlatforms) = preSolution
		Debug|Any CPU = Debug|Any CPU
		Release|Any CPU = Release|Any CPU
	EndGlobalSection
	GlobalSection(ProjectConfigurationPlatforms) = postSolution
		{5FD13CDB-8A3D-404C-8708-85CBA3A64D14}.Debug|Any CPU.ActiveCfg = Debug|Any CPU
		{5FD13CDB-8A3D-404C-8708-85CBA3A64D14}.Debug|Any CPU.Build.0 = Debug|Any CPU
		{5FD13CDB-8A3D-404C-8708-85CBA3A64D14}.Release|Any CPU.ActiveCfg = Release|Any CPU
		{5FD13CDB-8A3D-404C-8708-85CBA3A64D14}.Release|Any CPU.Build.0 = Release|Any CPU
		{81BC467E-C84A-4A02-A7AA-F3F0D17F3765}.Debug|Any CPU.ActiveCfg = Debug|Any CPU
		{81BC467E-C84A-4A02-A7AA-F3F0D17F3765}.Debug|Any CPU.Build.0 = Debug|Any CPU
		{81BC467E-C84A-4A02-A7AA-F3F0D17F3765}.Release|Any CPU.ActiveCfg = Release|Any CPU
		{81BC467E-C84A-4A02-A7AA-F3F0D17F3765}.Release|Any CPU.Build.0 = Release|Any CPU
		{46CDC03D-020E-4E21-9A13-FD6510810020}.Debug|Any CPU.ActiveCfg = Debug|Any CPU
		{46CDC03D-020E-4E21-9A13-FD6510810020}.Debug|Any CPU.Build.0 = Debug|Any CPU
		{46CDC03D-020E-4E21-9A13-FD6510810020}.Release|Any CPU.ActiveCfg = Release|Any CPU
		{46CDC03D-020E-4E21-9A13-FD6510810020}.Release|Any CPU.Build.0 = Release|Any CPU
		{01D7AF8D-A951-42B0-ADDC-18EDBE56146C}.Debug|Any CPU.ActiveCfg = Debug|Any CPU
		{01D7AF8D-A951-42B0-ADDC-18EDBE56146C}.Debug|Any CPU.Build.0 = Debug|Any CPU
		{01D7AF8D-A951-42B0-ADDC-18EDBE56146C}.Release|Any CPU.ActiveCfg = Release|Any CPU
		{01D7AF8D-A951-42B0-ADDC-18EDBE56146C}.Release|Any CPU.Build.0 = Release|Any CPU
	EndGlobalSection
	GlobalSection(SolutionProperties) = preSolution
		HideSolutionNode = FALSE
	EndGlobalSection
	GlobalSection(NestedProjects) = preSolution
		{81BC467E-C84A-4A02-A7AA-F3F0D17F3765} = {965CB99B-13E9-44D9-8866-EFD83514E464}
		{46CDC03D-020E-4E21-9A13-FD6510810020} = {E740A557-792D-48DA-8466-E503977C59E5}
		{01D7AF8D-A951-42B0-ADDC-18EDBE56146C} = {9926FFD0-8A51-4005-B217-6BD4BC5BB1C8}
	EndGlobalSection
	GlobalSection(ExtensibilityGlobals) = postSolution
		SolutionGuid = {42D53F67-CEF0-4D9C-8002-81D88E39D2CD}
	EndGlobalSection
EndGlobal
